// !$*UTF8*$!
{
	archiveVersion = 1;
	classes = {
	};
	objectVersion = 46;
	objects = {

/* Begin PBXBuildFile section */
		9154E6051F0CC474003FE767 /* AppDelegate.swift in Sources */ = {isa = PBXBuildFile; fileRef = 9154E6041F0CC474003FE767 /* AppDelegate.swift */; };
		9154E6071F0CC474003FE767 /* ViewController.swift in Sources */ = {isa = PBXBuildFile; fileRef = 9154E6061F0CC474003FE767 /* ViewController.swift */; };
		9154E60A1F0CC474003FE767 /* Main.storyboard in Resources */ = {isa = PBXBuildFile; fileRef = 9154E6081F0CC474003FE767 /* Main.storyboard */; };
		9154E60C1F0CC474003FE767 /* Assets.xcassets in Resources */ = {isa = PBXBuildFile; fileRef = 9154E60B1F0CC474003FE767 /* Assets.xcassets */; };
		9154E60F1F0CC474003FE767 /* LaunchScreen.storyboard in Resources */ = {isa = PBXBuildFile; fileRef = 9154E60D1F0CC474003FE767 /* LaunchScreen.storyboard */; };
		9154E61A1F0CC474003FE767 /* TableViewMVCTests.swift in Sources */ = {isa = PBXBuildFile; fileRef = 9154E6191F0CC474003FE767 /* TableViewMVCTests.swift */; };
		9154E6251F0CC474003FE767 /* TableViewMVCUITests.swift in Sources */ = {isa = PBXBuildFile; fileRef = 9154E6241F0CC474003FE767 /* TableViewMVCUITests.swift */; };
/* End PBXBuildFile section */

/* Begin PBXContainerItemProxy section */
		9154E6161F0CC474003FE767 /* PBXContainerItemProxy */ = {
			isa = PBXContainerItemProxy;
			containerPortal = 9154E5F91F0CC474003FE767 /* Project object */;
			proxyType = 1;
			remoteGlobalIDString = 9154E6001F0CC474003FE767;
			remoteInfo = TableViewMVC;
		};
		9154E6211F0CC474003FE767 /* PBXContainerItemProxy */ = {
			isa = PBXContainerItemProxy;
			containerPortal = 9154E5F91F0CC474003FE767 /* Project object */;
			proxyType = 1;
			remoteGlobalIDString = 9154E6001F0CC474003FE767;
			remoteInfo = TableViewMVC;
		};
/* End PBXContainerItemProxy section */

/* Begin PBXFileReference section */
		9154E6011F0CC474003FE767 /* TableViewMVC.app */ = {isa = PBXFileReference; explicitFileType = wrapper.application; includeInIndex = 0; path = TableViewMVC.app; sourceTree = BUILT_PRODUCTS_DIR; };
		9154E6041F0CC474003FE767 /* AppDelegate.swift */ = {isa = PBXFileReference; lastKnownFileType = sourcecode.swift; path = AppDelegate.swift; sourceTree = "<group>"; };
		9154E6061F0CC474003FE767 /* ViewController.swift */ = {isa = PBXFileReference; lastKnownFileType = sourcecode.swift; path = ViewController.swift; sourceTree = "<group>"; };
		9154E6091F0CC474003FE767 /* Base */ = {isa = PBXFileReference; lastKnownFileType = file.storyboard; name = Base; path = Base.lproj/Main.storyboard; sourceTree = "<group>"; };
		9154E60B1F0CC474003FE767 /* Assets.xcassets */ = {isa = PBXFileReference; lastKnownFileType = folder.assetcatalog; path = Assets.xcassets; sourceTree = "<group>"; };
		9154E60E1F0CC474003FE767 /* Base */ = {isa = PBXFileReference; lastKnownFileType = file.storyboard; name = Base; path = Base.lproj/LaunchScreen.storyboard; sourceTree = "<group>"; };
		9154E6101F0CC474003FE767 /* Info.plist */ = {isa = PBXFileReference; lastKnownFileType = text.plist.xml; path = Info.plist; sourceTree = "<group>"; };
		9154E6151F0CC474003FE767 /* TableViewMVCTests.xctest */ = {isa = PBXFileReference; explicitFileType = wrapper.cfbundle; includeInIndex = 0; path = TableViewMVCTests.xctest; sourceTree = BUILT_PRODUCTS_DIR; };
		9154E6191F0CC474003FE767 /* TableViewMVCTests.swift */ = {isa = PBXFileReference; lastKnownFileType = sourcecode.swift; path = TableViewMVCTests.swift; sourceTree = "<group>"; };
		9154E61B1F0CC474003FE767 /* Info.plist */ = {isa = PBXFileReference; lastKnownFileType = text.plist.xml; path = Info.plist; sourceTree = "<group>"; };
		9154E6201F0CC474003FE767 /* TableViewMVCUITests.xctest */ = {isa = PBXFileReference; explicitFileType = wrapper.cfbundle; includeInIndex = 0; path = TableViewMVCUITests.xctest; sourceTree = BUILT_PRODUCTS_DIR; };
		9154E6241F0CC474003FE767 /* TableViewMVCUITests.swift */ = {isa = PBXFileReference; lastKnownFileType = sourcecode.swift; path = TableViewMVCUITests.swift; sourceTree = "<group>"; };
		9154E6261F0CC474003FE767 /* Info.plist */ = {isa = PBXFileReference; lastKnownFileType = text.plist.xml; path = Info.plist; sourceTree = "<group>"; };
/* End PBXFileReference section */

/* Begin PBXFrameworksBuildPhase section */
		9154E5FE1F0CC474003FE767 /* Frameworks */ = {
			isa = PBXFrameworksBuildPhase;
			buildActionMask = 2147483647;
			files = (
			);
			runOnlyForDeploymentPostprocessing = 0;
		};
		9154E6121F0CC474003FE767 /* Frameworks */ = {
			isa = PBXFrameworksBuildPhase;
			buildActionMask = 2147483647;
			files = (
			);
			runOnlyForDeploymentPostprocessing = 0;
		};
		9154E61D1F0CC474003FE767 /* Frameworks */ = {
			isa = PBXFrameworksBuildPhase;
			buildActionMask = 2147483647;
			files = (
			);
			runOnlyForDeploymentPostprocessing = 0;
		};
/* End PBXFrameworksBuildPhase section */

/* Begin PBXGroup section */
		9154E5F81F0CC474003FE767 = {
			isa = PBXGroup;
			children = (
				9154E6031F0CC474003FE767 /* TableViewMVC */,
				9154E6181F0CC474003FE767 /* TableViewMVCTests */,
				9154E6231F0CC474003FE767 /* TableViewMVCUITests */,
				9154E6021F0CC474003FE767 /* Products */,
			);
			sourceTree = "<group>";
		};
		9154E6021F0CC474003FE767 /* Products */ = {
			isa = PBXGroup;
			children = (
				9154E6011F0CC474003FE767 /* TableViewMVC.app */,
				9154E6151F0CC474003FE767 /* TableViewMVCTests.xctest */,
				9154E6201F0CC474003FE767 /* TableViewMVCUITests.xctest */,
			);
			name = Products;
			sourceTree = "<group>";
		};
		9154E6031F0CC474003FE767 /* TableViewMVC */ = {
			isa = PBXGroup;
			children = (
				9154E6041F0CC474003FE767 /* AppDelegate.swift */,
				9154E6061F0CC474003FE767 /* ViewController.swift */,
				9154E6081F0CC474003FE767 /* Main.storyboard */,
				9154E60B1F0CC474003FE767 /* Assets.xcassets */,
				9154E60D1F0CC474003FE767 /* LaunchScreen.storyboard */,
				9154E6101F0CC474003FE767 /* Info.plist */,
			);
			path = TableViewMVC;
			sourceTree = "<group>";
		};
		9154E6181F0CC474003FE767 /* TableViewMVCTests */ = {
			isa = PBXGroup;
			children = (
				9154E6191F0CC474003FE767 /* TableViewMVCTests.swift */,
				9154E61B1F0CC474003FE767 /* Info.plist */,
			);
			path = TableViewMVCTests;
			sourceTree = "<group>";
		};
		9154E6231F0CC474003FE767 /* TableViewMVCUITests */ = {
			isa = PBXGroup;
			children = (
				9154E6241F0CC474003FE767 /* TableViewMVCUITests.swift */,
				9154E6261F0CC474003FE767 /* Info.plist */,
			);
			path = TableViewMVCUITests;
			sourceTree = "<group>";
		};
/* End PBXGroup section */

/* Begin PBXNativeTarget section */
		9154E6001F0CC474003FE767 /* TableViewMVC */ = {
			isa = PBXNativeTarget;
			buildConfigurationList = 9154E6291F0CC474003FE767 /* Build configuration list for PBXNativeTarget "TableViewMVC" */;
			buildPhases = (
				9154E5FD1F0CC474003FE767 /* Sources */,
				9154E5FE1F0CC474003FE767 /* Frameworks */,
				9154E5FF1F0CC474003FE767 /* Resources */,
			);
			buildRules = (
			);
			dependencies = (
			);
			name = TableViewMVC;
			productName = TableViewMVC;
			productReference = 9154E6011F0CC474003FE767 /* TableViewMVC.app */;
			productType = "com.apple.product-type.application";
		};
		9154E6141F0CC474003FE767 /* TableViewMVCTests */ = {
			isa = PBXNativeTarget;
			buildConfigurationList = 9154E62C1F0CC474003FE767 /* Build configuration list for PBXNativeTarget "TableViewMVCTests" */;
			buildPhases = (
				9154E6111F0CC474003FE767 /* Sources */,
				9154E6121F0CC474003FE767 /* Frameworks */,
				9154E6131F0CC474003FE767 /* Resources */,
			);
			buildRules = (
			);
			dependencies = (
				9154E6171F0CC474003FE767 /* PBXTargetDependency */,
			);
			name = TableViewMVCTests;
			productName = TableViewMVCTests;
			productReference = 9154E6151F0CC474003FE767 /* TableViewMVCTests.xctest */;
			productType = "com.apple.product-type.bundle.unit-test";
		};
		9154E61F1F0CC474003FE767 /* TableViewMVCUITests */ = {
			isa = PBXNativeTarget;
			buildConfigurationList = 9154E62F1F0CC474003FE767 /* Build configuration list for PBXNativeTarget "TableViewMVCUITests" */;
			buildPhases = (
				9154E61C1F0CC474003FE767 /* Sources */,
				9154E61D1F0CC474003FE767 /* Frameworks */,
				9154E61E1F0CC474003FE767 /* Resources */,
			);
			buildRules = (
			);
			dependencies = (
				9154E6221F0CC474003FE767 /* PBXTargetDependency */,
			);
			name = TableViewMVCUITests;
			productName = TableViewMVCUITests;
			productReference = 9154E6201F0CC474003FE767 /* TableViewMVCUITests.xctest */;
			productType = "com.apple.product-type.bundle.ui-testing";
		};
/* End PBXNativeTarget section */

/* Begin PBXProject section */
		9154E5F91F0CC474003FE767 /* Project object */ = {
			isa = PBXProject;
			attributes = {
				LastSwiftUpdateCheck = 0830;
				LastUpgradeCheck = 0830;
				ORGANIZATIONNAME = cntt26;
				TargetAttributes = {
					9154E6001F0CC474003FE767 = {
						CreatedOnToolsVersion = 8.3.2;
						DevelopmentTeam = D9L6JVDPWS;
						ProvisioningStyle = Automatic;
					};
					9154E6141F0CC474003FE767 = {
						CreatedOnToolsVersion = 8.3.2;
						DevelopmentTeam = D9L6JVDPWS;
						ProvisioningStyle = Automatic;
						TestTargetID = 9154E6001F0CC474003FE767;
					};
					9154E61F1F0CC474003FE767 = {
						CreatedOnToolsVersion = 8.3.2;
						DevelopmentTeam = D9L6JVDPWS;
						ProvisioningStyle = Automatic;
						TestTargetID = 9154E6001F0CC474003FE767;
					};
				};
			};
			buildConfigurationList = 9154E5FC1F0CC474003FE767 /* Build configuration list for PBXProject "TableViewMVC" */;
			compatibilityVersion = "Xcode 3.2";
			developmentRegion = English;
			hasScannedForEncodings = 0;
			knownRegions = (
				en,
				Base,
			);
			mainGroup = 9154E5F81F0CC474003FE767;
			productRefGroup = 9154E6021F0CC474003FE767 /* Products */;
			projectDirPath = "";
			projectRoot = "";
			targets = (
				9154E6001F0CC474003FE767 /* TableViewMVC */,
				9154E6141F0CC474003FE767 /* TableViewMVCTests */,
				9154E61F1F0CC474003FE767 /* TableViewMVCUITests */,
			);
		};
/* End PBXProject section */

/* Begin PBXResourcesBuildPhase section */
		9154E5FF1F0CC474003FE767 /* Resources */ = {
			isa = PBXResourcesBuildPhase;
			buildActionMask = 2147483647;
			files = (
				9154E60F1F0CC474003FE767 /* LaunchScreen.storyboard in Resources */,
				9154E60C1F0CC474003FE767 /* Assets.xcassets in Resources */,
				9154E60A1F0CC474003FE767 /* Main.storyboard in Resources */,
			);
			runOnlyForDeploymentPostprocessing = 0;
		};
		9154E6131F0CC474003FE767 /* Resources */ = {
			isa = PBXResourcesBuildPhase;
			buildActionMask = 2147483647;
			files = (
			);
			runOnlyForDeploymentPostprocessing = 0;
		};
		9154E61E1F0CC474003FE767 /* Resources */ = {
			isa = PBXResourcesBuildPhase;
			buildActionMask = 2147483647;
			files = (
			);
			runOnlyForDeploymentPostprocessing = 0;
		};
/* End PBXResourcesBuildPhase section */

/* Begin PBXSourcesBuildPhase section */
		9154E5FD1F0CC474003FE767 /* Sources */ = {
			isa = PBXSourcesBuildPhase;
			buildActionMask = 2147483647;
			files = (
				9154E6071F0CC474003FE767 /* ViewController.swift in Sources */,
				9154E6051F0CC474003FE767 /* AppDelegate.swift in Sources */,
			);
			runOnlyForDeploymentPostprocessing = 0;
		};
		9154E6111F0CC474003FE767 /* Sources */ = {
			isa = PBXSourcesBuildPhase;
			buildActionMask = 2147483647;
			files = (
				9154E61A1F0CC474003FE767 /* TableViewMVCTests.swift in Sources */,
			);
			runOnlyForDeploymentPostprocessing = 0;
		};
		9154E61C1F0CC474003FE767 /* Sources */ = {
			isa = PBXSourcesBuildPhase;
			buildActionMask = 2147483647;
			files = (
				9154E6251F0CC474003FE767 /* TableViewMVCUITests.swift in Sources */,
			);
			runOnlyForDeploymentPostprocessing = 0;
		};
/* End PBXSourcesBuildPhase section */

/* Begin PBXTargetDependency section */
		9154E6171F0CC474003FE767 /* PBXTargetDependency */ = {
			isa = PBXTargetDependency;
			target = 9154E6001F0CC474003FE767 /* TableViewMVC */;
			targetProxy = 9154E6161F0CC474003FE767 /* PBXContainerItemProxy */;
		};
		9154E6221F0CC474003FE767 /* PBXTargetDependency */ = {
			isa = PBXTargetDependency;
			target = 9154E6001F0CC474003FE767 /* TableViewMVC */;
			targetProxy = 9154E6211F0CC474003FE767 /* PBXContainerItemProxy */;
		};
/* End PBXTargetDependency section */

/* Begin PBXVariantGroup section */
		9154E6081F0CC474003FE767 /* Main.storyboard */ = {
			isa = PBXVariantGroup;
			children = (
				9154E6091F0CC474003FE767 /* Base */,
			);
			name = Main.storyboard;
			sourceTree = "<group>";
		};
		9154E60D1F0CC474003FE767 /* LaunchScreen.storyboard */ = {
			isa = PBXVariantGroup;
			children = (
				9154E60E1F0CC474003FE767 /* Base */,
			);
			name = LaunchScreen.storyboard;
			sourceTree = "<group>";
		};
/* End PBXVariantGroup section */

/* Begin XCBuildConfiguration section */
		9154E6271F0CC474003FE767 /* Debug */ = {
			isa = XCBuildConfiguration;
			buildSettings = {
				ALWAYS_SEARCH_USER_PATHS = NO;
				CLANG_ANALYZER_NONNULL = YES;
				CLANG_ANALYZER_NUMBER_OBJECT_CONVERSION = YES_AGGRESSIVE;
				CLANG_CXX_LANGUAGE_STANDARD = "gnu++0x";
				CLANG_CXX_LIBRARY = "libc++";
				CLANG_ENABLE_MODULES = YES;
				CLANG_ENABLE_OBJC_ARC = YES;
				CLANG_WARN_BOOL_CONVERSION = YES;
				CLANG_WARN_CONSTANT_CONVERSION = YES;
				CLANG_WARN_DIRECT_OBJC_ISA_USAGE = YES_ERROR;
				CLANG_WARN_DOCUMENTATION_COMMENTS = YES;
				CLANG_WARN_EMPTY_BODY = YES;
				CLANG_WARN_ENUM_CONVERSION = YES;
				CLANG_WARN_INFINITE_RECURSION = YES;
				CLANG_WARN_INT_CONVERSION = YES;
				CLANG_WARN_OBJC_ROOT_CLASS = YES_ERROR;
				CLANG_WARN_SUSPICIOUS_MOVE = YES;
				CLANG_WARN_UNREACHABLE_CODE = YES;
				CLANG_WARN__DUPLICATE_METHOD_MATCH = YES;
				"CODE_SIGN_IDENTITY[sdk=iphoneos*]" = "iPhone Developer";
				COPY_PHASE_STRIP = NO;
				DEBUG_INFORMATION_FORMAT = dwarf;
				ENABLE_STRICT_OBJC_MSGSEND = YES;
				ENABLE_TESTABILITY = YES;
				GCC_C_LANGUAGE_STANDARD = gnu99;
				GCC_DYNAMIC_NO_PIC = NO;
				GCC_NO_COMMON_BLOCKS = YES;
				GCC_OPTIMIZATION_LEVEL = 0;
				GCC_PREPROCESSOR_DEFINITIONS = (
					"DEBUG=1",
					"$(inherited)",
				);
				GCC_WARN_64_TO_32_BIT_CONVERSION = YES;
				GCC_WARN_ABOUT_RETURN_TYPE = YES_ERROR;
				GCC_WARN_UNDECLARED_SELECTOR = YES;
				GCC_WARN_UNINITIALIZED_AUTOS = YES_AGGRESSIVE;
				GCC_WARN_UNUSED_FUNCTION = YES;
				GCC_WARN_UNUSED_VARIABLE = YES;
				IPHONEOS_DEPLOYMENT_TARGET = 10.3;
				MTL_ENABLE_DEBUG_INFO = YES;
				ONLY_ACTIVE_ARCH = YES;
				SDKROOT = iphoneos;
				SWIFT_ACTIVE_COMPILATION_CONDITIONS = DEBUG;
				SWIFT_OPTIMIZATION_LEVEL = "-Onone";
				TARGETED_DEVICE_FAMILY = "1,2";
			};
			name = Debug;
		};
		9154E6281F0CC474003FE767 /* Release */ = {
			isa = XCBuildConfiguration;
			buildSettings = {
				ALWAYS_SEARCH_USER_PATHS = NO;
				CLANG_ANALYZER_NONNULL = YES;
				CLANG_ANALYZER_NUMBER_OBJECT_CONVERSION = YES_AGGRESSIVE;
				CLANG_CXX_LANGUAGE_STANDARD = "gnu++0x";
				CLANG_CXX_LIBRARY = "libc++";
				CLANG_ENABLE_MODULES = YES;
				CLANG_ENABLE_OBJC_ARC = YES;
				CLANG_WARN_BOOL_CONVERSION = YES;
				CLANG_WARN_CONSTANT_CONVERSION = YES;
				CLANG_WARN_DIRECT_OBJC_ISA_USAGE = YES_ERROR;
				CLANG_WARN_DOCUMENTATION_COMMENTS = YES;
				CLANG_WARN_EMPTY_BODY = YES;
				CLANG_WARN_ENUM_CONVERSION = YES;
				CLANG_WARN_INFINITE_RECURSION = YES;
				CLANG_WARN_INT_CONVERSION = YES;
				CLANG_WARN_OBJC_ROOT_CLASS = YES_ERROR;
				CLANG_WARN_SUSPICIOUS_MOVE = YES;
				CLANG_WARN_UNREACHABLE_CODE = YES;
				CLANG_WARN__DUPLICATE_METHOD_MATCH = YES;
				"CODE_SIGN_IDENTITY[sdk=iphoneos*]" = "iPhone Developer";
				COPY_PHASE_STRIP = NO;
				DEBUG_INFORMATION_FORMAT = "dwarf-with-dsym";
				ENABLE_NS_ASSERTIONS = NO;
				ENABLE_STRICT_OBJC_MSGSEND = YES;
				GCC_C_LANGUAGE_STANDARD = gnu99;
				GCC_NO_COMMON_BLOCKS = YES;
				GCC_WARN_64_TO_32_BIT_CONVERSION = YES;
				GCC_WARN_ABOUT_RETURN_TYPE = YES_ERROR;
				GCC_WARN_UNDECLARED_SELECTOR = YES;
				GCC_WARN_UNINITIALIZED_AUTOS = YES_AGGRESSIVE;
				GCC_WARN_UNUSED_FUNCTION = YES;
				GCC_WARN_UNUSED_VARIABLE = YES;
				IPHONEOS_DEPLOYMENT_TARGET = 10.3;
				MTL_ENABLE_DEBUG_INFO = NO;
				SDKROOT = iphoneos;
				SWIFT_OPTIMIZATION_LEVEL = "-Owholemodule";
				TARGETED_DEVICE_FAMILY = "1,2";
				VALIDATE_PRODUCT = YES;
			};
			name = Release;
		};
		9154E62A1F0CC474003FE767 /* Debug */ = {
			isa = XCBuildConfiguration;
			buildSettings = {
				ASSETCATALOG_COMPILER_APPICON_NAME = AppIcon;
				DEVELOPMENT_TEAM = D9L6JVDPWS;
				INFOPLIST_FILE = TableViewMVC/Info.plist;
				LD_RUNPATH_SEARCH_PATHS = "$(inherited) @executable_path/Frameworks";
				PRODUCT_BUNDLE_IDENTIFIER = xuanbac.TableViewMVC;
				PRODUCT_NAME = "$(TARGET_NAME)";
				SWIFT_VERSION = 3.0;
			};
			name = Debug;
		};
		9154E62B1F0CC474003FE767 /* Release */ = {
			isa = XCBuildConfiguration;
			buildSettings = {
				ASSETCATALOG_COMPILER_APPICON_NAME = AppIcon;
				DEVELOPMENT_TEAM = D9L6JVDPWS;
				INFOPLIST_FILE = TableViewMVC/Info.plist;
				LD_RUNPATH_SEARCH_PATHS = "$(inherited) @executable_path/Frameworks";
				PRODUCT_BUNDLE_IDENTIFIER = xuanbac.TableViewMVC;
				PRODUCT_NAME = "$(TARGET_NAME)";
				SWIFT_VERSION = 3.0;
			};
			name = Release;
		};
		9154E62D1F0CC474003FE767 /* Debug */ = {
			isa = XCBuildConfiguration;
			buildSettings = {
				ALWAYS_EMBED_SWIFT_STANDARD_LIBRARIES = YES;
				BUNDLE_LOADER = "$(TEST_HOST)";
				DEVELOPMENT_TEAM = D9L6JVDPWS;
				INFOPLIST_FILE = TableViewMVCTests/Info.plist;
				LD_RUNPATH_SEARCH_PATHS = "$(inherited) @executable_path/Frameworks @loader_path/Frameworks";
				PRODUCT_BUNDLE_IDENTIFIER = xuanbac.TableViewMVCTests;
				PRODUCT_NAME = "$(TARGET_NAME)";
				SWIFT_VERSION = 3.0;
				TEST_HOST = "$(BUILT_PRODUCTS_DIR)/TableViewMVC.app/TableViewMVC";
			};
			name = Debug;
		};
		9154E62E1F0CC474003FE767 /* Release */ = {
			isa = XCBuildConfiguration;
			buildSettings = {
				ALWAYS_EMBED_SWIFT_STANDARD_LIBRARIES = YES;
				BUNDLE_LOADER = "$(TEST_HOST)";
				DEVELOPMENT_TEAM = D9L6JVDPWS;
				INFOPLIST_FILE = TableViewMVCTests/Info.plist;
				LD_RUNPATH_SEARCH_PATHS = "$(inherited) @executable_path/Frameworks @loader_path/Frameworks";
				PRODUCT_BUNDLE_IDENTIFIER = xuanbac.TableViewMVCTests;
				PRODUCT_NAME = "$(TARGET_NAME)";
				SWIFT_VERSION = 3.0;
				TEST_HOST = "$(BUILT_PRODUCTS_DIR)/TableViewMVC.app/TableViewMVC";
			};
			name = Release;
		};
		9154E6301F0CC474003FE767 /* Debug */ = {
			isa = XCBuildConfiguration;
			buildSettings = {
				ALWAYS_EMBED_SWIFT_STANDARD_LIBRARIES = YES;
				DEVELOPMENT_TEAM = D9L6JVDPWS;
				INFOPLIST_FILE = TableViewMVCUITests/Info.plist;
				LD_RUNPATH_SEARCH_PATHS = "$(inherited) @executable_path/Frameworks @loader_path/Frameworks";
				PRODUCT_BUNDLE_IDENTIFIER = xuanbac.TableViewMVCUITests;
				PRODUCT_NAME = "$(TARGET_NAME)";
				SWIFT_VERSION = 3.0;
				TEST_TARGET_NAME = TableViewMVC;
			};
			name = Debug;
		};
		9154E6311F0CC474003FE767 /* Release */ = {
			isa = XCBuildConfiguration;
			buildSettings = {
				ALWAYS_EMBED_SWIFT_STANDARD_LIBRARIES = YES;
				DEVELOPMENT_TEAM = D9L6JVDPWS;
				INFOPLIST_FILE = TableViewMVCUITests/Info.plist;
				LD_RUNPATH_SEARCH_PATHS = "$(inherited) @executable_path/Frameworks @loader_path/Frameworks";
				PRODUCT_BUNDLE_IDENTIFIER = xuanbac.TableViewMVCUITests;
				PRODUCT_NAME = "$(TARGET_NAME)";
				SWIFT_VERSION = 3.0;
				TEST_TARGET_NAME = TableViewMVC;
			};
			name = Release;
		};
/* End XCBuildConfiguration section */

/* Begin XCConfigurationList section */
		9154E5FC1F0CC474003FE767 /* Build configuration list for PBXProject "TableViewMVC" */ = {
			isa = XCConfigurationList;
			buildConfigurations = (
				9154E6271F0CC474003FE767 /* Debug */,
				9154E6281F0CC474003FE767 /* Release */,
			);
			defaultConfigurationIsVisible = 0;
			defaultConfigurationName = Release;
		};
		9154E6291F0CC474003FE767 /* Build configuration list for PBXNativeTarget "TableViewMVC" */ = {
			isa = XCConfigurationList;
			buildConfigurations = (
				9154E62A1F0CC474003FE767 /* Debug */,
				9154E62B1F0CC474003FE767 /* Release */,
			);
			defaultConfigurationIsVisible = 0;
		};
		9154E62C1F0CC474003FE767 /* Build configuration list for PBXNativeTarget "TableViewMVCTests" */ = {
			isa = XCConfigurationList;
			buildConfigurations = (
				9154E62D1F0CC474003FE767 /* Debug */,
				9154E62E1F0CC474003FE767 /* Release */,
			);
			defaultConfigurationIsVisible = 0;
		};
		9154E62F1F0CC474003FE767 /* Build configuration list for PBXNativeTarget "TableViewMVCUITests" */ = {
			isa = XCConfigurationList;
			buildConfigurations = (
				9154E6301F0CC474003FE767 /* Debug */,
				9154E6311F0CC474003FE767 /* Release */,
			);
			defaultConfigurationIsVisible = 0;
		};
/* End XCConfigurationList section */
	};
	rootObject = 9154E5F91F0CC474003FE767 /* Project object */;
}
